// !$*UTF8*$!
{
	archiveVersion = 1;
	classes = {
	};
	objectVersion = 46;
	objects = {

/* Begin PBXBuildFile section */
		38B766E31D49A356004E717B /* main.m in Sources */ = {isa = PBXBuildFile; fileRef = 38B766E21D49A356004E717B /* main.m */; };
		38B766E61D49A356004E717B /* AppDelegate.m in Sources */ = {isa = PBXBuildFile; fileRef = 38B766E51D49A356004E717B /* AppDelegate.m */; };
		38B766E91D49A356004E717B /* ViewController.m in Sources */ = {isa = PBXBuildFile; fileRef = 38B766E81D49A356004E717B /* ViewController.m */; };
		38B766EC1D49A356004E717B /* Main.storyboard in Resources */ = {isa = PBXBuildFile; fileRef = 38B766EA1D49A356004E717B /* Main.storyboard */; };
		38B766EE1D49A356004E717B /* Assets.xcassets in Resources */ = {isa = PBXBuildFile; fileRef = 38B766ED1D49A356004E717B /* Assets.xcassets */; };
		38B766F11D49A356004E717B /* LaunchScreen.storyboard in Resources */ = {isa = PBXBuildFile; fileRef = 38B766EF1D49A356004E717B /* LaunchScreen.storyboard */; };
/* End PBXBuildFile section */

/* Begin PBXFileReference section */
		38B766DE1D49A356004E717B /* AnimationTest.app */ = {isa = PBXFileReference; explicitFileType = wrapper.application; includeInIndex = 0; path = AnimationTest.app; sourceTree = BUILT_PRODUCTS_DIR; };
		38B766E21D49A356004E717B /* main.m */ = {isa = PBXFileReference; lastKnownFileType = sourcecode.c.objc; path = main.m; sourceTree = "<group>"; };
		38B766E41D49A356004E717B /* AppDelegate.h */ = {isa = PBXFileReference; lastKnownFileType = sourcecode.c.h; path = AppDelegate.h; sourceTree = "<group>"; };
		38B766E51D49A356004E717B /* AppDelegate.m */ = {isa = PBXFileReference; lastKnownFileType = sourcecode.c.objc; path = AppDelegate.m; sourceTree = "<group>"; };
		38B766E71D49A356004E717B /* ViewController.h */ = {isa = PBXFileReference; lastKnownFileType = sourcecode.c.h; path = ViewController.h; sourceTree = "<group>"; };
		38B766E81D49A356004E717B /* ViewController.m */ = {isa = PBXFileReference; lastKnownFileType = sourcecode.c.objc; path = ViewController.m; sourceTree = "<group>"; };
		38B766EB1D49A356004E717B /* Base */ = {isa = PBXFileReference; lastKnownFileType = file.storyboard; name = Base; path = Base.lproj/Main.storyboard; sourceTree = "<group>"; };
		38B766ED1D49A356004E717B /* Assets.xcassets */ = {isa = PBXFileReference; lastKnownFileType = folder.assetcatalog; path = Assets.xcassets; sourceTree = "<group>"; };
		38B766F01D49A356004E717B /* Base */ = {isa = PBXFileReference; lastKnownFileType = file.storyboard; name = Base; path = Base.lproj/LaunchScreen.storyboard; sourceTree = "<group>"; };
		38B766F21D49A356004E717B /* Info.plist */ = {isa = PBXFileReference; lastKnownFileType = text.plist.xml; path = Info.plist; sourceTree = "<group>"; };
/* End PBXFileReference section */

/* Begin PBXFrameworksBuildPhase section */
		38B766DB1D49A356004E717B /* Frameworks */ = {
			isa = PBXFrameworksBuildPhase;
			buildActionMask = 2147483647;
			files = (
			);
			runOnlyForDeploymentPostprocessing = 0;
		};
/* End PBXFrameworksBuildPhase section */

/* Begin PBXGroup section */
		38B766D51D49A356004E717B = {
			isa = PBXGroup;
			children = (
				38B766E01D49A356004E717B /* AnimationTest */,
				38B766DF1D49A356004E717B /* Products */,
			);
			sourceTree = "<group>";
		};
		38B766DF1D49A356004E717B /* Products */ = {
			isa = PBXGroup;
			children = (
				38B766DE1D49A356004E717B /* AnimationTest.app */,
			);
			name = Products;
			sourceTree = "<group>";
		};
		38B766E01D49A356004E717B /* AnimationTest */ = {
			isa = PBXGroup;
			children = (
				38B766E41D49A356004E717B /* AppDelegate.h */,
				38B766E51D49A356004E717B /* AppDelegate.m */,
				38B766E71D49A356004E717B /* ViewController.h */,
				38B766E81D49A356004E717B /* ViewController.m */,
				38B766EA1D49A356004E717B /* Main.storyboard */,
				38B766ED1D49A356004E717B /* Assets.xcassets */,
				38B766EF1D49A356004E717B /* LaunchScreen.storyboard */,
				38B766F21D49A356004E717B /* Info.plist */,
				38B766E11D49A356004E717B /* Supporting Files */,
			);
			path = AnimationTest;
			sourceTree = "<group>";
		};
		38B766E11D49A356004E717B /* Supporting Files */ = {
			isa = PBXGroup;
			children = (
				38B766E21D49A356004E717B /* main.m */,
			);
			name = "Supporting Files";
			sourceTree = "<group>";
		};
/* End PBXGroup section */

/* Begin PBXNativeTarget section */
		38B766DD1D49A356004E717B /* AnimationTest */ = {
			isa = PBXNativeTarget;
			buildConfigurationList = 38B766F51D49A356004E717B /* Build configuration list for PBXNativeTarget "AnimationTest" */;
			buildPhases = (
				38B766DA1D49A356004E717B /* Sources */,
				38B766DB1D49A356004E717B /* Frameworks */,
				38B766DC1D49A356004E717B /* Resources */,
			);
			buildRules = (
			);
			dependencies = (
			);
			name = AnimationTest;
			productName = AnimationTest;
			productReference = 38B766DE1D49A356004E717B /* AnimationTest.app */;
			productType = "com.apple.product-type.application";
		};
/* End PBXNativeTarget section */

/* Begin PBXProject section */
		38B766D61D49A356004E717B /* Project object */ = {
			isa = PBXProject;
			attributes = {
				LastUpgradeCheck = 0730;
				ORGANIZATIONNAME = DaisyNew;
				TargetAttributes = {
					38B766DD1D49A356004E717B = {
						CreatedOnToolsVersion = 7.3.1;
					};
				};
			};
			buildConfigurationList = 38B766D91D49A356004E717B /* Build configuration list for PBXProject "AnimationTest" */;
			compatibilityVersion = "Xcode 3.2";
			developmentRegion = English;
			hasScannedForEncodings = 0;
			knownRegions = (
				en,
				Base,
			);
			mainGroup = 38B766D51D49A356004E717B;
			productRefGroup = 38B766DF1D49A356004E717B /* Products */;
			projectDirPath = "";
			projectRoot = "";
			targets = (
				38B766DD1D49A356004E717B /* AnimationTest */,
			);
		};
/* End PBXProject section */

/* Begin PBXResourcesBuildPhase section */
		38B766DC1D49A356004E717B /* Resources */ = {
			isa = PBXResourcesBuildPhase;
			buildActionMask = 2147483647;
			files = (
				38B766F11D49A356004E717B /* LaunchScreen.storyboard in Resources */,
				38B766EE1D49A356004E717B /* Assets.xcassets in Resources */,
				38B766EC1D49A356004E717B /* Main.storyboard in Resources */,
			);
			runOnlyForDeploymentPostprocessing = 0;
		};
/* End PBXResourcesBuildPhase section */

/* Begin PBXSourcesBuildPhase section */
		38B766DA1D49A356004E717B /* Sources */ = {
			isa = PBXSourcesBuildPhase;
			buildActionMask = 2147483647;
			files = (
				38B766E91D49A356004E717B /* ViewController.m in Sources */,
				38B766E61D49A356004E717B /* AppDelegate.m in Sources */,
				38B766E31D49A356004E717B /* main.m in Sources */,
			);
			runOnlyForDeploymentPostprocessing = 0;
		};
/* End PBXSourcesBuildPhase section */

/* Begin PBXVariantGroup section */
		38B766EA1D49A356004E717B /* Main.storyboard */ = {
			isa = PBXVariantGroup;
			children = (
				38B766EB1D49A356004E717B /* Base */,
			);
			name = Main.storyboard;
			sourceTree = "<group>";
		};
		38B766EF1D49A356004E717B /* LaunchScreen.storyboard */ = {
			isa = PBXVariantGroup;
			children = (
				38B766F01D49A356004E717B /* Base */,
			);
			name = LaunchScreen.storyboard;
			sourceTree = "<group>";
		};
/* End PBXVariantGroup section */

/* Begin XCBuildConfiguration section */
		38B766F31D49A356004E717B /* Debug */ = {
			isa = XCBuildConfiguration;
			buildSettings = {
				ALWAYS_SEARCH_USER_PATHS = NO;
				CLANG_ANALYZER_NONNULL = YES;
				CLANG_CXX_LANGUAGE_STANDARD = "gnu++0x";
				CLANG_CXX_LIBRARY = "libc++";
				CLANG_ENABLE_MODULES = YES;
				CLANG_ENABLE_OBJC_ARC = YES;
				CLANG_WARN_BOOL_CONVERSION = YES;
				CLANG_WARN_CONSTANT_CONVERSION = YES;
				CLANG_WARN_DIRECT_OBJC_ISA_USAGE = YES_ERROR;
				CLANG_WARN_EMPTY_BODY = YES;
				CLANG_WARN_ENUM_CONVERSION = YES;
				CLANG_WARN_INT_CONVERSION = YES;
				CLANG_WARN_OBJC_ROOT_CLASS = YES_ERROR;
				CLANG_WARN_UNREACHABLE_CODE = YES;
				CLANG_WARN__DUPLICATE_METHOD_MATCH = YES;
				"CODE_SIGN_IDENTITY[sdk=iphoneos*]" = "iPhone Developer";
				COPY_PHASE_STRIP = NO;
				DEBUG_INFORMATION_FORMAT = dwarf;
				ENABLE_STRICT_OBJC_MSGSEND = YES;
				ENABLE_TESTABILITY = YES;
				GCC_C_LANGUAGE_STANDARD = gnu99;
				GCC_DYNAMIC_NO_PIC = NO;
				GCC_NO_COMMON_BLOCKS = YES;
				GCC_OPTIMIZATION_LEVEL = 0;
				GCC_PREPROCESSOR_DEFINITIONS = (
					"DEBUG=1",
					"$(inherited)",
				);
				GCC_WARN_64_TO_32_BIT_CONVERSION = YES;
				GCC_WARN_ABOUT_RETURN_TYPE = YES_ERROR;
				GCC_WARN_UNDECLARED_SELECTOR = YES;
				GCC_WARN_UNINITIALIZED_AUTOS = YES_AGGRESSIVE;
				GCC_WARN_UNUSED_FUNCTION = YES;
				GCC_WARN_UNUSED_VARIABLE = YES;
				IPHONEOS_DEPLOYMENT_TARGET = 9.3;
				MTL_ENABLE_DEBUG_INFO = YES;
				ONLY_ACTIVE_ARCH = YES;
				SDKROOT = iphoneos;
				TARGETED_DEVICE_FAMILY = "1,2";
			};
			name = Debug;
		};
		38B766F41D49A356004E717B /* Release */ = {
			isa = XCBuildConfiguration;
			buildSettings = {
				ALWAYS_SEARCH_USER_PATHS = NO;
				CLANG_ANALYZER_NONNULL = YES;
				CLANG_CXX_LANGUAGE_STANDARD = "gnu++0x";
				CLANG_CXX_LIBRARY = "libc++";
				CLANG_ENABLE_MODULES = YES;
				CLANG_ENABLE_OBJC_ARC = YES;
				CLANG_WARN_BOOL_CONVERSION = YES;
				CLANG_WARN_CONSTANT_CONVERSION = YES;
				CLANG_WARN_DIRECT_OBJC_ISA_USAGE = YES_ERROR;
				CLANG_WARN_EMPTY_BODY = YES;
				CLANG_WARN_ENUM_CONVERSION = YES;
				CLANG_WARN_INT_CONVERSION = YES;
				CLANG_WARN_OBJC_ROOT_CLASS = YES_ERROR;
				CLANG_WARN_UNREACHABLE_CODE = YES;
				CLANG_WARN__DUPLICATE_METHOD_MATCH = YES;
				"CODE_SIGN_IDENTITY[sdk=iphoneos*]" = "iPhone Developer";
				COPY_PHASE_STRIP = NO;
				DEBUG_INFORMATION_FORMAT = "dwarf-with-dsym";
				ENABLE_NS_ASSERTIONS = NO;
				ENABLE_STRICT_OBJC_MSGSEND = YES;
				GCC_C_LANGUAGE_STANDARD = gnu99;
				GCC_NO_COMMON_BLOCKS = YES;
				GCC_WARN_64_TO_32_BIT_CONVERSION = YES;
				GCC_WARN_ABOUT_RETURN_TYPE = YES_ERROR;
				GCC_WARN_UNDECLARED_SELECTOR = YES;
				GCC_WARN_UNINITIALIZED_AUTOS = YES_AGGRESSIVE;
				GCC_WARN_UNUSED_FUNCTION = YES;
				GCC_WARN_UNUSED_VARIABLE = YES;
				IPHONEOS_DEPLOYMENT_TARGET = 9.3;
				MTL_ENABLE_DEBUG_INFO = NO;
				SDKROOT = iphoneos;
				TARGETED_DEVICE_FAMILY = "1,2";
				VALIDATE_PRODUCT = YES;
			};
			name = Release;
		};
		38B766F61D49A356004E717B /* Debug */ = {
			isa = XCBuildConfiguration;
			buildSettings = {
				ASSETCATALOG_COMPILER_APPICON_NAME = AppIcon;
				INFOPLIST_FILE = AnimationTest/Info.plist;
				LD_RUNPATH_SEARCH_PATHS = "$(inherited) @executable_path/Frameworks";
				PRODUCT_BUNDLE_IDENTIFIER = com.juesheng.AnimationTest;
				PRODUCT_NAME = "$(TARGET_NAME)";
			};
			name = Debug;
		};
		38B766F71D49A356004E717B /* Release */ = {
			isa = XCBuildConfiguration;
			buildSettings = {
				ASSETCATALOG_COMPILER_APPICON_NAME = AppIcon;
				INFOPLIST_FILE = AnimationTest/Info.plist;
				LD_RUNPATH_SEARCH_PATHS = "$(inherited) @executable_path/Frameworks";
				PRODUCT_BUNDLE_IDENTIFIER = com.juesheng.AnimationTest;
				PRODUCT_NAME = "$(TARGET_NAME)";
			};
			name = Release;
		};
/* End XCBuildConfiguration section */

/* Begin XCConfigurationList section */
		38B766D91D49A356004E717B /* Build configuration list for PBXProject "AnimationTest" */ = {
			isa = XCConfigurationList;
			buildConfigurations = (
				38B766F31D49A356004E717B /* Debug */,
				38B766F41D49A356004E717B /* Release */,
			);
			defaultConfigurationIsVisible = 0;
			defaultConfigurationName = Release;
		};
		38B766F51D49A356004E717B /* Build configuration list for PBXNativeTarget "AnimationTest" */ = {
			isa = XCConfigurationList;
			buildConfigurations = (
				38B766F61D49A356004E717B /* Debug */,
				38B766F71D49A356004E717B /* Release */,
			);
			defaultConfigurationIsVisible = 0;
		};
/* End XCConfigurationList section */
	};
	rootObject = 38B766D61D49A356004E717B /* Project object */;
}
